{
  "name": "bs-proxy",
  "version": "1.0.0",
  "lockfileVersion": 1,
  "requires": true,
  "dependencies": {
    "colors": {
      "version": "1.1.2",
      "resolved": "https://registry.npmjs.org/colors/-/colors-1.1.2.tgz",
      "integrity": "sha1-FopHAXVran9RoSzgyXv6KMCE7WM="
    },
    "jsbytes": {
      "version": "1.0.0",
      "resolved": "https://registry.npmjs.org/jsbytes/-/jsbytes-1.0.0.tgz",
      "integrity": "sha1-DlaEJafdGo260dIgHinO9svW63w="
    },
    "simple-rc4": {
      "version": "0.0.1-b",
      "resolved": "https://registry.npmjs.org/simple-rc4/-/simple-rc4-0.0.1-b.tgz",
      "integrity": "sha1-+2rf74KV4eEwQD1JzzzrRYXRdhw="
    }
  }
}
